
Microsoft Visual Studio Solution File, Format Version 12.00
# Visual Studio 14
VisualStudioVersion = 14.0.23107.0
MinimumVisualStudioVersion = 10.0.40219.1
Project("{FAE04EC0-301F-11D3-BF4B-00C04F79EFBC}") = "StrategyCricket.Web", "StrategyCricket\StrategyCricket.Web.csproj", "{ED8AC303-CD0A-4457-9B80-19D68A61CC2D}"
EndProject
Project("{FAE04EC0-301F-11D3-BF4B-00C04F79EFBC}") = "StrategyCricket.Tests", "StrategyCricket.Tests\StrategyCricket.Tests.csproj", "{D4B910A5-C9D1-4BBD-8B01-950570F1BAF3}"
EndProject
Project("{FAE04EC0-301F-11D3-BF4B-00C04F79EFBC}") = "StategyCricket.DataAccess", "StategyCricket.DataAccess\StategyCricket.DataAccess.csproj", "{31888CF6-E027-4615-81F4-A9BE2D266868}"
EndProject
Global
	GlobalSection(SolutionConfigurationPlatforms) = preSolution
		Debug|Any CPU = Debug|Any CPU
		Release|Any CPU = Release|Any CPU
	EndGlobalSection
	GlobalSection(ProjectConfigurationPlatforms) = postSolution
		{ED8AC303-CD0A-4457-9B80-19D68A61CC2D}.Debug|Any CPU.ActiveCfg = Debug|Any CPU
		{ED8AC303-CD0A-4457-9B80-19D68A61CC2D}.Debug|Any CPU.Build.0 = Debug|Any CPU
		{ED8AC303-CD0A-4457-9B80-19D68A61CC2D}.Release|Any CPU.ActiveCfg = Release|Any CPU
		{ED8AC303-CD0A-4457-9B80-19D68A61CC2D}.Release|Any CPU.Build.0 = Release|Any CPU
		{D4B910A5-C9D1-4BBD-8B01-950570F1BAF3}.Debug|Any CPU.ActiveCfg = Debug|Any CPU
		{D4B910A5-C9D1-4BBD-8B01-950570F1BAF3}.Debug|Any CPU.Build.0 = Debug|Any CPU
		{D4B910A5-C9D1-4BBD-8B01-950570F1BAF3}.Release|Any CPU.ActiveCfg = Release|Any CPU
		{D4B910A5-C9D1-4BBD-8B01-950570F1BAF3}.Release|Any CPU.Build.0 = Release|Any CPU
		{31888CF6-E027-4615-81F4-A9BE2D266868}.Debug|Any CPU.ActiveCfg = Debug|Any CPU
		{31888CF6-E027-4615-81F4-A9BE2D266868}.Debug|Any CPU.Build.0 = Debug|Any CPU
		{31888CF6-E027-4615-81F4-A9BE2D266868}.Release|Any CPU.ActiveCfg = Release|Any CPU
		{31888CF6-E027-4615-81F4-A9BE2D266868}.Release|Any CPU.Build.0 = Release|Any CPU
	EndGlobalSection
	GlobalSection(SolutionProperties) = preSolution
		HideSolutionNode = FALSE
	EndGlobalSection
EndGlobal
